
Microsoft Visual Studio Solution File, Format Version 12.00
# Visual Studio Version 17
VisualStudioVersion = 17.14.36518.9 d17.14
MinimumVisualStudioVersion = 10.0.40219.1
Project("{2150E333-8FDC-42A3-9474-1A3956D46DE8}") = "Task0", "Task0", "{02EA681E-C7D8-13C7-8484-4AC65E1B71E8}"
EndProject
Project("{2150E333-8FDC-42A3-9474-1A3956D46DE8}") = "Task1", "Task1", "{F322648C-39C2-435F-9007-1EF214ED0277}"
EndProject
Project("{2150E333-8FDC-42A3-9474-1A3956D46DE8}") = "Task2", "Task2", "{6EB3381A-3878-4A73-9465-5F3266C6AD45}"
EndProject
Project("{2150E333-8FDC-42A3-9474-1A3956D46DE8}") = "Task3", "Task3", "{7FD40215-743D-41DB-9F81-1BDF06255718}"
EndProject
Project("{2150E333-8FDC-42A3-9474-1A3956D46DE8}") = "Task4", "Task4", "{F959F477-BF4A-4204-AA1F-FB09CFDBF1FD}"
EndProject
Project("{2150E333-8FDC-42A3-9474-1A3956D46DE8}") = "Task5", "Task5", "{EF9D5471-0079-4FEE-A7A3-E67008F4CA97}"
EndProject
Project("{2150E333-8FDC-42A3-9474-1A3956D46DE8}") = "Task6", "Task6", "{7ECCC6EF-7969-46FF-9465-60C2C9ED5139}"
EndProject
Project("{2150E333-8FDC-42A3-9474-1A3956D46DE8}") = "Task7", "Task7", "{7CD2458D-A060-4D79-ADC7-38FAF95DD41D}"
EndProject
Project("{FAE04EC0-301F-11D3-BF4B-00C04F79EFBC}") = "Tyuiu.TikhomirovaKA.Sprint4.Task0.V15", "Tyuiu.TikhomirovaKA.Sprint4.Task0.V15\Tyuiu.TikhomirovaKA.Sprint4.Task0.V15.csproj", "{4052BC8C-4C5B-4855-A5D6-AD33CDDE4ADF}"
EndProject
Project("{FAE04EC0-301F-11D3-BF4B-00C04F79EFBC}") = "Tyuiu.TikhomirovaKA.Sprint4.Task0.V15.Test", "Tyuiu.TikhomirovaKA.Sprint4.Task0.V15.Test\Tyuiu.TikhomirovaKA.Sprint4.Task0.V15.Test.csproj", "{8FABF2DA-CEF4-4238-B9DD-870B58076ED8}"
EndProject
Project("{FAE04EC0-301F-11D3-BF4B-00C04F79EFBC}") = "Tyuiu.TikhomirovaKA.Sprint4.Task0.V15.Lib", "Tyuiu.TikhomirovaKA.Sprint4.Task0.V15.Lib\Tyuiu.TikhomirovaKA.Sprint4.Task0.V15.Lib.csproj", "{DD2B268B-2A1D-45B4-A39F-B9E23CD6BAE6}"
EndProject
Project("{FAE04EC0-301F-11D3-BF4B-00C04F79EFBC}") = "Tyuiu.TikhomirovaKA.Sprint4.Task1.V8", "Tyuiu.TikhomirovaKA.Sprint4.Task1.V8\Tyuiu.TikhomirovaKA.Sprint4.Task1.V8.csproj", "{61D8078F-AC17-4285-80C6-07BC7EC205AC}"
EndProject
Project("{FAE04EC0-301F-11D3-BF4B-00C04F79EFBC}") = "Tyuiu.TikhomirovaKA.Sprint4.Task1.V8.Lib", "Tyuiu.TikhomirovaKA.Sprint4.Task1.V8.Lib\Tyuiu.TikhomirovaKA.Sprint4.Task1.V8.Lib.csproj", "{4DBC90CA-9278-4AA8-B229-D9186C6D349C}"
EndProject
Project("{FAE04EC0-301F-11D3-BF4B-00C04F79EFBC}") = "Tyuiu.TikhomirovaKA.Sprint4.Task1.V8.Test", "Tyuiu.TikhomirovaKA.Sprint4.Task1.V8.Test\Tyuiu.TikhomirovaKA.Sprint4.Task1.V8.Test.csproj", "{66B02346-EB5A-4651-826B-C49121A2ABF3}"
EndProject
Project("{FAE04EC0-301F-11D3-BF4B-00C04F79EFBC}") = "Tyuiu.TikhomirovaKA.Sprint4.Task2.V1", "Tyuiu.TikhomirovaKA.Sprint4.Task2.V1\Tyuiu.TikhomirovaKA.Sprint4.Task2.V1.csproj", "{C70C8B89-4074-413A-AB84-58F8C801D71E}"
EndProject
Project("{FAE04EC0-301F-11D3-BF4B-00C04F79EFBC}") = "Tyuiu.TikhomirovaKA.Sprint4.Task2.V1.Lib", "Tyuiu.TikhomirovaKA.Sprint4.Task2.V1.Lib\Tyuiu.TikhomirovaKA.Sprint4.Task2.V1.Lib.csproj", "{254A900C-ABF4-46CE-BE75-AF1DD228F8C1}"
EndProject
Project("{FAE04EC0-301F-11D3-BF4B-00C04F79EFBC}") = "Tyuiu.TikhomirovaKA.Sprint4.Task2.V1.Test", "Tyuiu.TikhomirovaKA.Sprint4.Task2.V1.Test\Tyuiu.TikhomirovaKA.Sprint4.Task2.V1.Test.csproj", "{27C1C510-C386-43B6-A75B-5599E8C517A7}"
EndProject
Project("{FAE04EC0-301F-11D3-BF4B-00C04F79EFBC}") = "Tyuiu.TikhomirovaKA.Sprint4.Task3.V3", "Tyuiu.TikhomirovaKA.Sprint4.Task3.V3\Tyuiu.TikhomirovaKA.Sprint4.Task3.V3.csproj", "{B3CC02F3-9FB5-4337-A56C-4B74BB7DF2AB}"
EndProject
Project("{FAE04EC0-301F-11D3-BF4B-00C04F79EFBC}") = "Tyuiu.TikhomirovaKA.Sprint4.Task3.V3.Lib", "Tyuiu.TikhomirovaKA.Sprint4.Task3.V3.Lib\Tyuiu.TikhomirovaKA.Sprint4.Task3.V3.Lib.csproj", "{A5E119C5-5673-4D95-BFA3-8F86C2DD5169}"
EndProject
Project("{FAE04EC0-301F-11D3-BF4B-00C04F79EFBC}") = "Tyuiu.TikhomirovaKA.Sprint4.Task3.V3.Test", "Tyuiu.TikhomirovaKA.Sprint4.Task3.V3.Test\Tyuiu.TikhomirovaKA.Sprint4.Task3.V3.Test.csproj", "{D70F0997-9AF7-40D6-B7B8-AF7361FED28F}"
EndProject
Project("{FAE04EC0-301F-11D3-BF4B-00C04F79EFBC}") = "Tyuiu.TikhomirovaKA.Sprint4.Task4.V6", "Tyuiu.TikhomirovaKA.Sprint4.Task4.V6\Tyuiu.TikhomirovaKA.Sprint4.Task4.V6.csproj", "{ED60AF51-A7AB-491C-82C5-D2A66299FF9C}"
EndProject
Project("{FAE04EC0-301F-11D3-BF4B-00C04F79EFBC}") = "Tyuiu.TikhomirovaKA.Sprint4.Task4.V6.Lib", "Tyuiu.TikhomirovaKA.Sprint4.Task4.V6.Lib\Tyuiu.TikhomirovaKA.Sprint4.Task4.V6.Lib.csproj", "{5CB38CF9-470D-45C8-A7A5-30CB6C5F3897}"
EndProject
Project("{FAE04EC0-301F-11D3-BF4B-00C04F79EFBC}") = "Tyuiu.TikhomirovaKA.Sprint4.Task4.V6.Test", "Tyuiu.TikhomirovaKA.Sprint4.Task4.V6.Test\Tyuiu.TikhomirovaKA.Sprint4.Task4.V6.Test.csproj", "{AA1E075E-E5B3-41D3-A250-33829BD9E792}"
EndProject
Project("{FAE04EC0-301F-11D3-BF4B-00C04F79EFBC}") = "Tyuiu.TikhomirovaKA.Sprint4.Task5.V27", "Tyuiu.TikhomirovaKA.Sprint4.Task5.V27\Tyuiu.TikhomirovaKA.Sprint4.Task5.V27.csproj", "{D7308B78-59D7-4E36-B713-B8FFC2DBE9A1}"
EndProject
Project("{FAE04EC0-301F-11D3-BF4B-00C04F79EFBC}") = "Tyuiu.TikhomirovaKA.Sprint4.Task5.V27.Test", "Tyuiu.TikhomirovaKA.Sprint4.Task5.V27.Test\Tyuiu.TikhomirovaKA.Sprint4.Task5.V27.Test.csproj", "{70664D78-A5F4-4BC6-874F-6A6A121CDAA6}"
EndProject
Project("{FAE04EC0-301F-11D3-BF4B-00C04F79EFBC}") = "Tyuiu.TikhomirovaKA.Sprint4.Task5.V27.Lib", "Tyuiu.TikhomirovaKA.Sprint4.Task5.V27.Lib\Tyuiu.TikhomirovaKA.Sprint4.Task5.V27.Lib.csproj", "{3AFB766B-6FDF-4F7E-8681-4C30555F8551}"
EndProject
Project("{FAE04EC0-301F-11D3-BF4B-00C04F79EFBC}") = "Tyuiu.TikhomirovaKA.Sprint4.Task6.V18", "Tyuiu.TikhomirovaKA.Sprint4.Task6.V18\Tyuiu.TikhomirovaKA.Sprint4.Task6.V18.csproj", "{267FAFA5-0CC5-4536-B376-FDEA4444E15A}"
EndProject
Project("{FAE04EC0-301F-11D3-BF4B-00C04F79EFBC}") = "Tyuiu.TikhomirovaKA.Sprint4.Task6.V18.Test", "Tyuiu.TikhomirovaKA.Sprint4.Task6.V18.Test\Tyuiu.TikhomirovaKA.Sprint4.Task6.V18.Test.csproj", "{D0BB9CE8-E27F-42B0-8971-CE056F86821B}"
EndProject
Project("{FAE04EC0-301F-11D3-BF4B-00C04F79EFBC}") = "Tyuiu.TikhomirovaKA.Sprint4.Task6.V18.Lib", "Tyuiu.TikhomirovaKA.Sprint4.Task6.V18.Lib\Tyuiu.TikhomirovaKA.Sprint4.Task6.V18.Lib.csproj", "{EB381805-5C8F-4305-B7EB-BAA311E077FB}"
EndProject
Project("{FAE04EC0-301F-11D3-BF4B-00C04F79EFBC}") = "Tyuiu.TikhomirovaKA.Sprint4.Task7.V21", "Tyuiu.TikhomirovaKA.Sprint4.Task7.V21\Tyuiu.TikhomirovaKA.Sprint4.Task7.V21.csproj", "{E8A11746-5E63-4496-A316-257F094B9060}"
EndProject
Project("{FAE04EC0-301F-11D3-BF4B-00C04F79EFBC}") = "Tyuiu.TikhomirovaKA.Sprint4.Task7.V21.Lib", "Tyuiu.TikhomirovaKA.Sprint4.Task7.V21.Lib\Tyuiu.TikhomirovaKA.Sprint4.Task7.V21.Lib.csproj", "{7BC76E9A-6FAC-43D4-A6B5-383349771510}"
EndProject
Project("{FAE04EC0-301F-11D3-BF4B-00C04F79EFBC}") = "Tyuiu.TikhomirovaKA.Sprint4.Task7.V21.Test", "Tyuiu.TikhomirovaKA.Sprint4.Task7.V21.Test\Tyuiu.TikhomirovaKA.Sprint4.Task7.V21.Test.csproj", "{FF8EFEAA-C217-450D-B60C-07F9BEE1F434}"
EndProject
Global
	GlobalSection(SolutionConfigurationPlatforms) = preSolution
		Debug|Any CPU = Debug|Any CPU
		Release|Any CPU = Release|Any CPU
	EndGlobalSection
	GlobalSection(ProjectConfigurationPlatforms) = postSolution
		{4052BC8C-4C5B-4855-A5D6-AD33CDDE4ADF}.Debug|Any CPU.ActiveCfg = Debug|Any CPU
		{4052BC8C-4C5B-4855-A5D6-AD33CDDE4ADF}.Debug|Any CPU.Build.0 = Debug|Any CPU
		{4052BC8C-4C5B-4855-A5D6-AD33CDDE4ADF}.Release|Any CPU.ActiveCfg = Release|Any CPU
		{4052BC8C-4C5B-4855-A5D6-AD33CDDE4ADF}.Release|Any CPU.Build.0 = Release|Any CPU
		{8FABF2DA-CEF4-4238-B9DD-870B58076ED8}.Debug|Any CPU.ActiveCfg = Debug|Any CPU
		{8FABF2DA-CEF4-4238-B9DD-870B58076ED8}.Debug|Any CPU.Build.0 = Debug|Any CPU
		{8FABF2DA-CEF4-4238-B9DD-870B58076ED8}.Release|Any CPU.ActiveCfg = Release|Any CPU
		{8FABF2DA-CEF4-4238-B9DD-870B58076ED8}.Release|Any CPU.Build.0 = Release|Any CPU
		{DD2B268B-2A1D-45B4-A39F-B9E23CD6BAE6}.Debug|Any CPU.ActiveCfg = Debug|Any CPU
		{DD2B268B-2A1D-45B4-A39F-B9E23CD6BAE6}.Debug|Any CPU.Build.0 = Debug|Any CPU
		{DD2B268B-2A1D-45B4-A39F-B9E23CD6BAE6}.Release|Any CPU.ActiveCfg = Release|Any CPU
		{DD2B268B-2A1D-45B4-A39F-B9E23CD6BAE6}.Release|Any CPU.Build.0 = Release|Any CPU
		{61D8078F-AC17-4285-80C6-07BC7EC205AC}.Debug|Any CPU.ActiveCfg = Debug|Any CPU
		{61D8078F-AC17-4285-80C6-07BC7EC205AC}.Debug|Any CPU.Build.0 = Debug|Any CPU
		{61D8078F-AC17-4285-80C6-07BC7EC205AC}.Release|Any CPU.ActiveCfg = Release|Any CPU
		{61D8078F-AC17-4285-80C6-07BC7EC205AC}.Release|Any CPU.Build.0 = Release|Any CPU
		{4DBC90CA-9278-4AA8-B229-D9186C6D349C}.Debug|Any CPU.ActiveCfg = Debug|Any CPU
		{4DBC90CA-9278-4AA8-B229-D9186C6D349C}.Debug|Any CPU.Build.0 = Debug|Any CPU
		{4DBC90CA-9278-4AA8-B229-D9186C6D349C}.Release|Any CPU.ActiveCfg = Release|Any CPU
		{4DBC90CA-9278-4AA8-B229-D9186C6D349C}.Release|Any CPU.Build.0 = Release|Any CPU
		{66B02346-EB5A-4651-826B-C49121A2ABF3}.Debug|Any CPU.ActiveCfg = Debug|Any CPU
		{66B02346-EB5A-4651-826B-C49121A2ABF3}.Debug|Any CPU.Build.0 = Debug|Any CPU
		{66B02346-EB5A-4651-826B-C49121A2ABF3}.Release|Any CPU.ActiveCfg = Release|Any CPU
		{66B02346-EB5A-4651-826B-C49121A2ABF3}.Release|Any CPU.Build.0 = Release|Any CPU
		{C70C8B89-4074-413A-AB84-58F8C801D71E}.Debug|Any CPU.ActiveCfg = Debug|Any CPU
		{C70C8B89-4074-413A-AB84-58F8C801D71E}.Debug|Any CPU.Build.0 = Debug|Any CPU
		{C70C8B89-4074-413A-AB84-58F8C801D71E}.Release|Any CPU.ActiveCfg = Release|Any CPU
		{C70C8B89-4074-413A-AB84-58F8C801D71E}.Release|Any CPU.Build.0 = Release|Any CPU
		{254A900C-ABF4-46CE-BE75-AF1DD228F8C1}.Debug|Any CPU.ActiveCfg = Debug|Any CPU
		{254A900C-ABF4-46CE-BE75-AF1DD228F8C1}.Debug|Any CPU.Build.0 = Debug|Any CPU
		{254A900C-ABF4-46CE-BE75-AF1DD228F8C1}.Release|Any CPU.ActiveCfg = Release|Any CPU
		{254A900C-ABF4-46CE-BE75-AF1DD228F8C1}.Release|Any CPU.Build.0 = Release|Any CPU
		{27C1C510-C386-43B6-A75B-5599E8C517A7}.Debug|Any CPU.ActiveCfg = Debug|Any CPU
		{27C1C510-C386-43B6-A75B-5599E8C517A7}.Debug|Any CPU.Build.0 = Debug|Any CPU
		{27C1C510-C386-43B6-A75B-5599E8C517A7}.Release|Any CPU.ActiveCfg = Release|Any CPU
		{27C1C510-C386-43B6-A75B-5599E8C517A7}.Release|Any CPU.Build.0 = Release|Any CPU
		{B3CC02F3-9FB5-4337-A56C-4B74BB7DF2AB}.Debug|Any CPU.ActiveCfg = Debug|Any CPU
		{B3CC02F3-9FB5-4337-A56C-4B74BB7DF2AB}.Debug|Any CPU.Build.0 = Debug|Any CPU
		{B3CC02F3-9FB5-4337-A56C-4B74BB7DF2AB}.Release|Any CPU.ActiveCfg = Release|Any CPU
		{B3CC02F3-9FB5-4337-A56C-4B74BB7DF2AB}.Release|Any CPU.Build.0 = Release|Any CPU
		{A5E119C5-5673-4D95-BFA3-8F86C2DD5169}.Debug|Any CPU.ActiveCfg = Debug|Any CPU
		{A5E119C5-5673-4D95-BFA3-8F86C2DD5169}.Debug|Any CPU.Build.0 = Debug|Any CPU
		{A5E119C5-5673-4D95-BFA3-8F86C2DD5169}.Release|Any CPU.ActiveCfg = Release|Any CPU
		{A5E119C5-5673-4D95-BFA3-8F86C2DD5169}.Release|Any CPU.Build.0 = Release|Any CPU
		{D70F0997-9AF7-40D6-B7B8-AF7361FED28F}.Debug|Any CPU.ActiveCfg = Debug|Any CPU
		{D70F0997-9AF7-40D6-B7B8-AF7361FED28F}.Debug|Any CPU.Build.0 = Debug|Any CPU
		{D70F0997-9AF7-40D6-B7B8-AF7361FED28F}.Release|Any CPU.ActiveCfg = Release|Any CPU
		{D70F0997-9AF7-40D6-B7B8-AF7361FED28F}.Release|Any CPU.Build.0 = Release|Any CPU
		{ED60AF51-A7AB-491C-82C5-D2A66299FF9C}.Debug|Any CPU.ActiveCfg = Debug|Any CPU
		{ED60AF51-A7AB-491C-82C5-D2A66299FF9C}.Debug|Any CPU.Build.0 = Debug|Any CPU
		{ED60AF51-A7AB-491C-82C5-D2A66299FF9C}.Release|Any CPU.ActiveCfg = Release|Any CPU
		{ED60AF51-A7AB-491C-82C5-D2A66299FF9C}.Release|Any CPU.Build.0 = Release|Any CPU
		{5CB38CF9-470D-45C8-A7A5-30CB6C5F3897}.Debug|Any CPU.ActiveCfg = Debug|Any CPU
		{5CB38CF9-470D-45C8-A7A5-30CB6C5F3897}.Debug|Any CPU.Build.0 = Debug|Any CPU
		{5CB38CF9-470D-45C8-A7A5-30CB6C5F3897}.Release|Any CPU.ActiveCfg = Release|Any CPU
		{5CB38CF9-470D-45C8-A7A5-30CB6C5F3897}.Release|Any CPU.Build.0 = Release|Any CPU
		{AA1E075E-E5B3-41D3-A250-33829BD9E792}.Debug|Any CPU.ActiveCfg = Debug|Any CPU
		{AA1E075E-E5B3-41D3-A250-33829BD9E792}.Debug|Any CPU.Build.0 = Debug|Any CPU
		{AA1E075E-E5B3-41D3-A250-33829BD9E792}.Release|Any CPU.ActiveCfg = Release|Any CPU
		{AA1E075E-E5B3-41D3-A250-33829BD9E792}.Release|Any CPU.Build.0 = Release|Any CPU
		{D7308B78-59D7-4E36-B713-B8FFC2DBE9A1}.Debug|Any CPU.ActiveCfg = Debug|Any CPU
		{D7308B78-59D7-4E36-B713-B8FFC2DBE9A1}.Debug|Any CPU.Build.0 = Debug|Any CPU
		{D7308B78-59D7-4E36-B713-B8FFC2DBE9A1}.Release|Any CPU.ActiveCfg = Release|Any CPU
		{D7308B78-59D7-4E36-B713-B8FFC2DBE9A1}.Release|Any CPU.Build.0 = Release|Any CPU
		{70664D78-A5F4-4BC6-874F-6A6A121CDAA6}.Debug|Any CPU.ActiveCfg = Debug|Any CPU
		{70664D78-A5F4-4BC6-874F-6A6A121CDAA6}.Debug|Any CPU.Build.0 = Debug|Any CPU
		{70664D78-A5F4-4BC6-874F-6A6A121CDAA6}.Release|Any CPU.ActiveCfg = Release|Any CPU
		{70664D78-A5F4-4BC6-874F-6A6A121CDAA6}.Release|Any CPU.Build.0 = Release|Any CPU
		{3AFB766B-6FDF-4F7E-8681-4C30555F8551}.Debug|Any CPU.ActiveCfg = Debug|Any CPU
		{3AFB766B-6FDF-4F7E-8681-4C30555F8551}.Debug|Any CPU.Build.0 = Debug|Any CPU
		{3AFB766B-6FDF-4F7E-8681-4C30555F8551}.Release|Any CPU.ActiveCfg = Release|Any CPU
		{3AFB766B-6FDF-4F7E-8681-4C30555F8551}.Release|Any CPU.Build.0 = Release|Any CPU
		{267FAFA5-0CC5-4536-B376-FDEA4444E15A}.Debug|Any CPU.ActiveCfg = Debug|Any CPU
		{267FAFA5-0CC5-4536-B376-FDEA4444E15A}.Debug|Any CPU.Build.0 = Debug|Any CPU
		{267FAFA5-0CC5-4536-B376-FDEA4444E15A}.Release|Any CPU.ActiveCfg = Release|Any CPU
		{267FAFA5-0CC5-4536-B376-FDEA4444E15A}.Release|Any CPU.Build.0 = Release|Any CPU
		{D0BB9CE8-E27F-42B0-8971-CE056F86821B}.Debug|Any CPU.ActiveCfg = Debug|Any CPU
		{D0BB9CE8-E27F-42B0-8971-CE056F86821B}.Debug|Any CPU.Build.0 = Debug|Any CPU
		{D0BB9CE8-E27F-42B0-8971-CE056F86821B}.Release|Any CPU.ActiveCfg = Release|Any CPU
		{D0BB9CE8-E27F-42B0-8971-CE056F86821B}.Release|Any CPU.Build.0 = Release|Any CPU
		{EB381805-5C8F-4305-B7EB-BAA311E077FB}.Debug|Any CPU.ActiveCfg = Debug|Any CPU
		{EB381805-5C8F-4305-B7EB-BAA311E077FB}.Debug|Any CPU.Build.0 = Debug|Any CPU
		{EB381805-5C8F-4305-B7EB-BAA311E077FB}.Release|Any CPU.ActiveCfg = Release|Any CPU
		{EB381805-5C8F-4305-B7EB-BAA311E077FB}.Release|Any CPU.Build.0 = Release|Any CPU
		{E8A11746-5E63-4496-A316-257F094B9060}.Debug|Any CPU.ActiveCfg = Debug|Any CPU
		{E8A11746-5E63-4496-A316-257F094B9060}.Debug|Any CPU.Build.0 = Debug|Any CPU
		{E8A11746-5E63-4496-A316-257F094B9060}.Release|Any CPU.ActiveCfg = Release|Any CPU
		{E8A11746-5E63-4496-A316-257F094B9060}.Release|Any CPU.Build.0 = Release|Any CPU
		{7BC76E9A-6FAC-43D4-A6B5-383349771510}.Debug|Any CPU.ActiveCfg = Debug|Any CPU
		{7BC76E9A-6FAC-43D4-A6B5-383349771510}.Debug|Any CPU.Build.0 = Debug|Any CPU
		{7BC76E9A-6FAC-43D4-A6B5-383349771510}.Release|Any CPU.ActiveCfg = Release|Any CPU
		{7BC76E9A-6FAC-43D4-A6B5-383349771510}.Release|Any CPU.Build.0 = Release|Any CPU
		{FF8EFEAA-C217-450D-B60C-07F9BEE1F434}.Debug|Any CPU.ActiveCfg = Debug|Any CPU
		{FF8EFEAA-C217-450D-B60C-07F9BEE1F434}.Debug|Any CPU.Build.0 = Debug|Any CPU
		{FF8EFEAA-C217-450D-B60C-07F9BEE1F434}.Release|Any CPU.ActiveCfg = Release|Any CPU
		{FF8EFEAA-C217-450D-B60C-07F9BEE1F434}.Release|Any CPU.Build.0 = Release|Any CPU
	EndGlobalSection
	GlobalSection(SolutionProperties) = preSolution
		HideSolutionNode = FALSE
	EndGlobalSection
	GlobalSection(NestedProjects) = preSolution
		{4052BC8C-4C5B-4855-A5D6-AD33CDDE4ADF} = {02EA681E-C7D8-13C7-8484-4AC65E1B71E8}
		{8FABF2DA-CEF4-4238-B9DD-870B58076ED8} = {02EA681E-C7D8-13C7-8484-4AC65E1B71E8}
		{DD2B268B-2A1D-45B4-A39F-B9E23CD6BAE6} = {02EA681E-C7D8-13C7-8484-4AC65E1B71E8}
		{61D8078F-AC17-4285-80C6-07BC7EC205AC} = {F322648C-39C2-435F-9007-1EF214ED0277}
		{4DBC90CA-9278-4AA8-B229-D9186C6D349C} = {F322648C-39C2-435F-9007-1EF214ED0277}
		{66B02346-EB5A-4651-826B-C49121A2ABF3} = {F322648C-39C2-435F-9007-1EF214ED0277}
		{C70C8B89-4074-413A-AB84-58F8C801D71E} = {6EB3381A-3878-4A73-9465-5F3266C6AD45}
		{254A900C-ABF4-46CE-BE75-AF1DD228F8C1} = {6EB3381A-3878-4A73-9465-5F3266C6AD45}
		{27C1C510-C386-43B6-A75B-5599E8C517A7} = {6EB3381A-3878-4A73-9465-5F3266C6AD45}
		{B3CC02F3-9FB5-4337-A56C-4B74BB7DF2AB} = {7FD40215-743D-41DB-9F81-1BDF06255718}
		{A5E119C5-5673-4D95-BFA3-8F86C2DD5169} = {7FD40215-743D-41DB-9F81-1BDF06255718}
		{D70F0997-9AF7-40D6-B7B8-AF7361FED28F} = {7FD40215-743D-41DB-9F81-1BDF06255718}
		{ED60AF51-A7AB-491C-82C5-D2A66299FF9C} = {F959F477-BF4A-4204-AA1F-FB09CFDBF1FD}
		{5CB38CF9-470D-45C8-A7A5-30CB6C5F3897} = {F959F477-BF4A-4204-AA1F-FB09CFDBF1FD}
		{AA1E075E-E5B3-41D3-A250-33829BD9E792} = {F959F477-BF4A-4204-AA1F-FB09CFDBF1FD}
		{D7308B78-59D7-4E36-B713-B8FFC2DBE9A1} = {EF9D5471-0079-4FEE-A7A3-E67008F4CA97}
		{70664D78-A5F4-4BC6-874F-6A6A121CDAA6} = {EF9D5471-0079-4FEE-A7A3-E67008F4CA97}
		{3AFB766B-6FDF-4F7E-8681-4C30555F8551} = {EF9D5471-0079-4FEE-A7A3-E67008F4CA97}
		{267FAFA5-0CC5-4536-B376-FDEA4444E15A} = {7ECCC6EF-7969-46FF-9465-60C2C9ED5139}
		{D0BB9CE8-E27F-42B0-8971-CE056F86821B} = {7ECCC6EF-7969-46FF-9465-60C2C9ED5139}
		{EB381805-5C8F-4305-B7EB-BAA311E077FB} = {7ECCC6EF-7969-46FF-9465-60C2C9ED5139}
		{E8A11746-5E63-4496-A316-257F094B9060} = {7CD2458D-A060-4D79-ADC7-38FAF95DD41D}
		{7BC76E9A-6FAC-43D4-A6B5-383349771510} = {7CD2458D-A060-4D79-ADC7-38FAF95DD41D}
		{FF8EFEAA-C217-450D-B60C-07F9BEE1F434} = {7CD2458D-A060-4D79-ADC7-38FAF95DD41D}
	EndGlobalSection
	GlobalSection(ExtensibilityGlobals) = postSolution
		SolutionGuid = {938D312C-3742-4F89-88E5-BA7FD352AFE7}
	EndGlobalSection
EndGlobal
